
Microsoft Visual Studio Solution File, Format Version 12.00
# Visual Studio Version 16
VisualStudioVersion = 16.0.29728.190
MinimumVisualStudioVersion = 10.0.40219.1
Project("{FAE04EC0-301F-11D3-BF4B-00C04F79EFBC}") = "SpinCircles", "SpinCircles\SpinCircles.csproj", "{8A808D6B-50B2-48B4-AA00-2268C518F5BD}"
EndProject
Project("{FAE04EC0-301F-11D3-BF4B-00C04F79EFBC}") = "MathLib", "MathLib\MathLib.csproj", "{686AF42B-1056-4B9D-8686-368291A2C386}"
EndProject
Global
	GlobalSection(SolutionConfigurationPlatforms) = preSolution
		Debug|Any CPU = Debug|Any CPU
		Release|Any CPU = Release|Any CPU
	EndGlobalSection
	GlobalSection(ProjectConfigurationPlatforms) = postSolution
		{8A808D6B-50B2-48B4-AA00-2268C518F5BD}.Debug|Any CPU.ActiveCfg = Debug|Any CPU
		{8A808D6B-50B2-48B4-AA00-2268C518F5BD}.Debug|Any CPU.Build.0 = Debug|Any CPU
		{8A808D6B-50B2-48B4-AA00-2268C518F5BD}.Release|Any CPU.ActiveCfg = Release|Any CPU
		{8A808D6B-50B2-48B4-AA00-2268C518F5BD}.Release|Any CPU.Build.0 = Release|Any CPU
		{686AF42B-1056-4B9D-8686-368291A2C386}.Debug|Any CPU.ActiveCfg = Debug|Any CPU
		{686AF42B-1056-4B9D-8686-368291A2C386}.Debug|Any CPU.Build.0 = Debug|Any CPU
		{686AF42B-1056-4B9D-8686-368291A2C386}.Release|Any CPU.ActiveCfg = Release|Any CPU
		{686AF42B-1056-4B9D-8686-368291A2C386}.Release|Any CPU.Build.0 = Release|Any CPU
	EndGlobalSection
	GlobalSection(SolutionProperties) = preSolution
		HideSolutionNode = FALSE
	EndGlobalSection
	GlobalSection(ExtensibilityGlobals) = postSolution
		SolutionGuid = {5DD81C59-DCF6-405F-AE2C-7667A7DCA714}
	EndGlobalSection
EndGlobal
